
Microsoft Visual Studio Solution File, Format Version 12.00
# Visual Studio 15
VisualStudioVersion = 15.0.28307.106
MinimumVisualStudioVersion = 10.0.40219.1
Project("{FAE04EC0-301F-11D3-BF4B-00C04F79EFBC}") = "AppPersonage", "AppPersonage\AppPersonage.csproj", "{2AD15B12-3265-4404-B90B-FABBF9C3958F}"
EndProject
Global
	GlobalSection(SolutionConfigurationPlatforms) = preSolution
		Debug|Any CPU = Debug|Any CPU
		Release|Any CPU = Release|Any CPU
	EndGlobalSection
	GlobalSection(ProjectConfigurationPlatforms) = postSolution
		{2AD15B12-3265-4404-B90B-FABBF9C3958F}.Debug|Any CPU.ActiveCfg = Debug|Any CPU
		{2AD15B12-3265-4404-B90B-FABBF9C3958F}.Debug|Any CPU.Build.0 = Debug|Any CPU
		{2AD15B12-3265-4404-B90B-FABBF9C3958F}.Release|Any CPU.ActiveCfg = Release|Any CPU
		{2AD15B12-3265-4404-B90B-FABBF9C3958F}.Release|Any CPU.Build.0 = Release|Any CPU
	EndGlobalSection
	GlobalSection(SolutionProperties) = preSolution
		HideSolutionNode = FALSE
	EndGlobalSection
	GlobalSection(ExtensibilityGlobals) = postSolution
		SolutionGuid = {4FE42524-61C6-41B7-A4B4-3ED1C9A1B7B2}
	EndGlobalSection
EndGlobal
